{
  "object": {
    "pins": [
      {
        "package": "swift-distributed-tracing",
        "repositoryURL": "https://github.com/apple/swift-distributed-tracing.git",
        "state": {
          "branch": null,
          "revision": "5cf275a25f2dc746229204b9c51b19087b254207",
          "version": "0.1.1"
        }
      },
      {
        "package": "swift-distributed-tracing-baggage",
        "repositoryURL": "https://github.com/apple/swift-distributed-tracing-baggage.git",
        "state": {
          "branch": null,
          "revision": "b68b3277985555995298426a35084b832dbc51ae",
          "version": "0.1.1"
        }
      },
      {
        "package": "swift-distributed-tracing-baggage-core",
        "repositoryURL": "https://github.com/apple/swift-distributed-tracing-baggage-core.git",
        "state": {
          "branch": null,
          "revision": "9a2884a37f39e08ebd225627c400feae9c6ea8df",
          "version": "0.1.1"
        }
      },
      {
        "package": "swift-log",
        "repositoryURL": "https://github.com/apple/swift-log.git",
        "state": {
          "branch": null,
          "revision": "173f567a2dfec11d74588eea82cecea555bdc0bc",
          "version": "1.4.0"
        }
      }
    ]
  },
  "version": 1
}
