{
  "object": {
    "pins": [
      {
        "package": "swift-backtrace",
        "repositoryURL": "https://github.com/swift-server/swift-backtrace.git",
        "state": {
          "branch": null,
          "revision": "93b3d9a76454e05379a32a2f3b2a1f5a7794b414",
          "version": "1.2.1"
        }
      },
      {
        "package": "swift-distributed-tracing",
        "repositoryURL": "https://github.com/apple/swift-distributed-tracing.git",
        "state": {
          "branch": null,
          "revision": "fce1f7c91ad5a733500ea1cdd7ccd7aed9130536",
          "version": "0.1.4"
        }
      },
      {
        "package": "swift-distributed-tracing-baggage",
        "repositoryURL": "https://github.com/apple/swift-distributed-tracing-baggage.git",
        "state": {
          "branch": null,
          "revision": "b68b3277985555995298426a35084b832dbc51ae",
          "version": "0.1.1"
        }
      },
      {
        "package": "swift-distributed-tracing-baggage-core",
        "repositoryURL": "https://github.com/apple/swift-distributed-tracing-baggage-core.git",
        "state": {
          "branch": null,
          "revision": "9a2884a37f39e08ebd225627c400feae9c6ea8df",
          "version": "0.1.1"
        }
      },
      {
        "package": "swift-log",
        "repositoryURL": "https://github.com/apple/swift-log.git",
        "state": {
          "branch": null,
          "revision": "5d66f7ba25daf4f94100e7022febf3c75e37a6c7",
          "version": "1.4.2"
        }
      },
      {
        "package": "swift-metrics",
        "repositoryURL": "https://github.com/apple/swift-metrics.git",
        "state": {
          "branch": null,
          "revision": "e382458581b05839a571c578e90060fff499f101",
          "version": "2.1.1"
        }
      },
      {
        "package": "swift-nio",
        "repositoryURL": "https://github.com/apple/swift-nio.git",
        "state": {
          "branch": null,
          "revision": "3be4e0980075de10a4bc8dee07491d49175cfd7a",
          "version": "2.27.0"
        }
      },
      {
        "package": "swift-service-lifecycle",
        "repositoryURL": "https://github.com/swift-server/swift-service-lifecycle.git",
        "state": {
          "branch": null,
          "revision": "a7356e142b083938c63e559b78e35f7f82627a79",
          "version": "1.0.0-alpha.6"
        }
      }
    ]
  },
  "version": 1
}
